// !$*UTF8*$!
{
	archiveVersion = 1;
	classes = {
	};
	objectVersion = 55;
	objects = {

/* Begin PBXBuildFile section */
		FA0CC5D228D79347007A20B9 /* Profile.swift in Sources */ = {isa = PBXBuildFile; fileRef = FA0CC5D128D79347007A20B9 /* Profile.swift */; };
		FA0CC5D528D794FA007A20B9 /* ProfileHost.swift in Sources */ = {isa = PBXBuildFile; fileRef = FA0CC5D428D794FA007A20B9 /* ProfileHost.swift */; };
		FA0CC5D728D799E9007A20B9 /* ProfileSummary.swift in Sources */ = {isa = PBXBuildFile; fileRef = FA0CC5D628D799E9007A20B9 /* ProfileSummary.swift */; };
		FA0CC5D928D7A000007A20B9 /* HikeBadge.swift in Sources */ = {isa = PBXBuildFile; fileRef = FA0CC5D828D7A000007A20B9 /* HikeBadge.swift */; };
		FA0CC5DB28D7C64D007A20B9 /* ProfileEditor.swift in Sources */ = {isa = PBXBuildFile; fileRef = FA0CC5DA28D7C64D007A20B9 /* ProfileEditor.swift */; };
		FA3666A428CE33F900857526 /* LandmarksApp.swift in Sources */ = {isa = PBXBuildFile; fileRef = FA3666A328CE33F900857526 /* LandmarksApp.swift */; };
		FA3666A628CE33F900857526 /* ContentView.swift in Sources */ = {isa = PBXBuildFile; fileRef = FA3666A528CE33F900857526 /* ContentView.swift */; };
		FA3666A828CE33FB00857526 /* Assets.xcassets in Resources */ = {isa = PBXBuildFile; fileRef = FA3666A728CE33FB00857526 /* Assets.xcassets */; };
		FA3666AB28CE33FB00857526 /* Preview Assets.xcassets in Resources */ = {isa = PBXBuildFile; fileRef = FA3666AA28CE33FB00857526 /* Preview Assets.xcassets */; };
		FA3666B228CE3A9100857526 /* CircleImage.swift in Sources */ = {isa = PBXBuildFile; fileRef = FA3666B128CE3A9100857526 /* CircleImage.swift */; };
		FA3666B428CE3BD000857526 /* MapView.swift in Sources */ = {isa = PBXBuildFile; fileRef = FA3666B328CE3BD000857526 /* MapView.swift */; };
		FA3666B628CE428100857526 /* landmarkData.json in Resources */ = {isa = PBXBuildFile; fileRef = FA3666B528CE428100857526 /* landmarkData.json */; };
		FA3666B828CE438100857526 /* Landmark.swift in Sources */ = {isa = PBXBuildFile; fileRef = FA3666B728CE438100857526 /* Landmark.swift */; };
		FA3666BA28CE466600857526 /* ModelData.swift in Sources */ = {isa = PBXBuildFile; fileRef = FA3666B928CE466600857526 /* ModelData.swift */; };
		FA3666BF28CEBB1A00857526 /* LandmarkRow.swift in Sources */ = {isa = PBXBuildFile; fileRef = FA3666BE28CEBB1A00857526 /* LandmarkRow.swift */; };
		FA55018128D3A6F500386F09 /* LandmarkDetail.swift in Sources */ = {isa = PBXBuildFile; fileRef = FA55018028D3A6F500386F09 /* LandmarkDetail.swift */; };
		FA55018328D3D2EC00386F09 /* FavoriteButton.swift in Sources */ = {isa = PBXBuildFile; fileRef = FA55018228D3D2EC00386F09 /* FavoriteButton.swift */; };
		FA658D6528D3DD150068774A /* HexagonParameters.swift in Sources */ = {isa = PBXBuildFile; fileRef = FA658D6428D3DD150068774A /* HexagonParameters.swift */; };
		FA658D6728D3DF9F0068774A /* BadgeBackground.swift in Sources */ = {isa = PBXBuildFile; fileRef = FA658D6628D3DF9F0068774A /* BadgeBackground.swift */; };
		FA658D6928D3F0840068774A /* BadgeSymbol.swift in Sources */ = {isa = PBXBuildFile; fileRef = FA658D6828D3F0840068774A /* BadgeSymbol.swift */; };
		FA658D6B28D3F7E40068774A /* RotatedBadgeSymbol.swift in Sources */ = {isa = PBXBuildFile; fileRef = FA658D6A28D3F7E40068774A /* RotatedBadgeSymbol.swift */; };
		FA658D6D28D3F9580068774A /* Badge.swift in Sources */ = {isa = PBXBuildFile; fileRef = FA658D6C28D3F9580068774A /* Badge.swift */; };
		FAFDED6728D4FFBC00D1DCC3 /* hikeData.json in Resources */ = {isa = PBXBuildFile; fileRef = FAFDED6628D4FFBC00D1DCC3 /* hikeData.json */; };
		FAFDED6928D5005500D1DCC3 /* Hike.swift in Sources */ = {isa = PBXBuildFile; fileRef = FAFDED6828D5005500D1DCC3 /* Hike.swift */; };
		FAFDED6F28D501D600D1DCC3 /* GraphCapsule.swift in Sources */ = {isa = PBXBuildFile; fileRef = FAFDED6B28D501D600D1DCC3 /* GraphCapsule.swift */; };
		FAFDED7028D501D600D1DCC3 /* HikeGraph.swift in Sources */ = {isa = PBXBuildFile; fileRef = FAFDED6C28D501D600D1DCC3 /* HikeGraph.swift */; };
		FAFDED7128D501D600D1DCC3 /* HikeDetail.swift in Sources */ = {isa = PBXBuildFile; fileRef = FAFDED6D28D501D600D1DCC3 /* HikeDetail.swift */; };
		FAFDED7228D501D600D1DCC3 /* HikeView.swift in Sources */ = {isa = PBXBuildFile; fileRef = FAFDED6E28D501D600D1DCC3 /* HikeView.swift */; };
		FAFDED7528D5160300D1DCC3 /* CategoryHome.swift in Sources */ = {isa = PBXBuildFile; fileRef = FAFDED7428D5160300D1DCC3 /* CategoryHome.swift */; };
		FAFDED7728D51A9A00D1DCC3 /* CategoryRow.swift in Sources */ = {isa = PBXBuildFile; fileRef = FAFDED7628D51A9900D1DCC3 /* CategoryRow.swift */; };
		FAFDED7928D51CBC00D1DCC3 /* CategoryItem.swift in Sources */ = {isa = PBXBuildFile; fileRef = FAFDED7828D51CBC00D1DCC3 /* CategoryItem.swift */; };
		FAFF144C28D263F8004F6972 /* LandmarkList.swift in Sources */ = {isa = PBXBuildFile; fileRef = FAFF144B28D263F8004F6972 /* LandmarkList.swift */; };
/* End PBXBuildFile section */

/* Begin PBXFileReference section */
		FA0CC5D128D79347007A20B9 /* Profile.swift */ = {isa = PBXFileReference; lastKnownFileType = sourcecode.swift; path = Profile.swift; sourceTree = "<group>"; };
		FA0CC5D428D794FA007A20B9 /* ProfileHost.swift */ = {isa = PBXFileReference; lastKnownFileType = sourcecode.swift; path = ProfileHost.swift; sourceTree = "<group>"; };
		FA0CC5D628D799E9007A20B9 /* ProfileSummary.swift */ = {isa = PBXFileReference; lastKnownFileType = sourcecode.swift; path = ProfileSummary.swift; sourceTree = "<group>"; };
		FA0CC5D828D7A000007A20B9 /* HikeBadge.swift */ = {isa = PBXFileReference; lastKnownFileType = sourcecode.swift; path = HikeBadge.swift; sourceTree = "<group>"; };
		FA0CC5DA28D7C64D007A20B9 /* ProfileEditor.swift */ = {isa = PBXFileReference; lastKnownFileType = sourcecode.swift; path = ProfileEditor.swift; sourceTree = "<group>"; };
		FA3666A028CE33F900857526 /* Landmarks.app */ = {isa = PBXFileReference; explicitFileType = wrapper.application; includeInIndex = 0; path = Landmarks.app; sourceTree = BUILT_PRODUCTS_DIR; };
		FA3666A328CE33F900857526 /* LandmarksApp.swift */ = {isa = PBXFileReference; lastKnownFileType = sourcecode.swift; path = LandmarksApp.swift; sourceTree = "<group>"; };
		FA3666A528CE33F900857526 /* ContentView.swift */ = {isa = PBXFileReference; lastKnownFileType = sourcecode.swift; path = ContentView.swift; sourceTree = "<group>"; };
		FA3666A728CE33FB00857526 /* Assets.xcassets */ = {isa = PBXFileReference; lastKnownFileType = folder.assetcatalog; path = Assets.xcassets; sourceTree = "<group>"; };
		FA3666AA28CE33FB00857526 /* Preview Assets.xcassets */ = {isa = PBXFileReference; lastKnownFileType = folder.assetcatalog; path = "Preview Assets.xcassets"; sourceTree = "<group>"; };
		FA3666B128CE3A9100857526 /* CircleImage.swift */ = {isa = PBXFileReference; lastKnownFileType = sourcecode.swift; path = CircleImage.swift; sourceTree = "<group>"; };
		FA3666B328CE3BD000857526 /* MapView.swift */ = {isa = PBXFileReference; lastKnownFileType = sourcecode.swift; path = MapView.swift; sourceTree = "<group>"; };
		FA3666B528CE428100857526 /* landmarkData.json */ = {isa = PBXFileReference; fileEncoding = 4; lastKnownFileType = text.json; path = landmarkData.json; sourceTree = "<group>"; };
		FA3666B728CE438100857526 /* Landmark.swift */ = {isa = PBXFileReference; lastKnownFileType = sourcecode.swift; path = Landmark.swift; sourceTree = "<group>"; };
		FA3666B928CE466600857526 /* ModelData.swift */ = {isa = PBXFileReference; lastKnownFileType = sourcecode.swift; path = ModelData.swift; sourceTree = "<group>"; };
		FA3666BE28CEBB1A00857526 /* LandmarkRow.swift */ = {isa = PBXFileReference; lastKnownFileType = sourcecode.swift; path = LandmarkRow.swift; sourceTree = "<group>"; };
		FA55018028D3A6F500386F09 /* LandmarkDetail.swift */ = {isa = PBXFileReference; lastKnownFileType = sourcecode.swift; path = LandmarkDetail.swift; sourceTree = "<group>"; };
		FA55018228D3D2EC00386F09 /* FavoriteButton.swift */ = {isa = PBXFileReference; lastKnownFileType = sourcecode.swift; path = FavoriteButton.swift; sourceTree = "<group>"; };
		FA658D6428D3DD150068774A /* HexagonParameters.swift */ = {isa = PBXFileReference; lastKnownFileType = sourcecode.swift; path = HexagonParameters.swift; sourceTree = "<group>"; };
		FA658D6628D3DF9F0068774A /* BadgeBackground.swift */ = {isa = PBXFileReference; lastKnownFileType = sourcecode.swift; path = BadgeBackground.swift; sourceTree = "<group>"; };
		FA658D6828D3F0840068774A /* BadgeSymbol.swift */ = {isa = PBXFileReference; lastKnownFileType = sourcecode.swift; path = BadgeSymbol.swift; sourceTree = "<group>"; };
		FA658D6A28D3F7E40068774A /* RotatedBadgeSymbol.swift */ = {isa = PBXFileReference; lastKnownFileType = sourcecode.swift; path = RotatedBadgeSymbol.swift; sourceTree = "<group>"; };
		FA658D6C28D3F9580068774A /* Badge.swift */ = {isa = PBXFileReference; lastKnownFileType = sourcecode.swift; path = Badge.swift; sourceTree = "<group>"; };
		FAFDED6628D4FFBC00D1DCC3 /* hikeData.json */ = {isa = PBXFileReference; fileEncoding = 4; lastKnownFileType = text.json; path = hikeData.json; sourceTree = "<group>"; };
		FAFDED6828D5005500D1DCC3 /* Hike.swift */ = {isa = PBXFileReference; lastKnownFileType = sourcecode.swift; path = Hike.swift; sourceTree = "<group>"; };
		FAFDED6B28D501D600D1DCC3 /* GraphCapsule.swift */ = {isa = PBXFileReference; fileEncoding = 4; lastKnownFileType = sourcecode.swift; path = GraphCapsule.swift; sourceTree = "<group>"; };
		FAFDED6C28D501D600D1DCC3 /* HikeGraph.swift */ = {isa = PBXFileReference; fileEncoding = 4; lastKnownFileType = sourcecode.swift; path = HikeGraph.swift; sourceTree = "<group>"; };
		FAFDED6D28D501D600D1DCC3 /* HikeDetail.swift */ = {isa = PBXFileReference; fileEncoding = 4; lastKnownFileType = sourcecode.swift; path = HikeDetail.swift; sourceTree = "<group>"; };
		FAFDED6E28D501D600D1DCC3 /* HikeView.swift */ = {isa = PBXFileReference; fileEncoding = 4; lastKnownFileType = sourcecode.swift; path = HikeView.swift; sourceTree = "<group>"; };
		FAFDED7428D5160300D1DCC3 /* CategoryHome.swift */ = {isa = PBXFileReference; lastKnownFileType = sourcecode.swift; path = CategoryHome.swift; sourceTree = "<group>"; };
		FAFDED7628D51A9900D1DCC3 /* CategoryRow.swift */ = {isa = PBXFileReference; lastKnownFileType = sourcecode.swift; path = CategoryRow.swift; sourceTree = "<group>"; };
		FAFDED7828D51CBC00D1DCC3 /* CategoryItem.swift */ = {isa = PBXFileReference; lastKnownFileType = sourcecode.swift; path = CategoryItem.swift; sourceTree = "<group>"; };
		FAFF144B28D263F8004F6972 /* LandmarkList.swift */ = {isa = PBXFileReference; lastKnownFileType = sourcecode.swift; path = LandmarkList.swift; sourceTree = "<group>"; };
/* End PBXFileReference section */

/* Begin PBXFrameworksBuildPhase section */
		FA36669D28CE33F800857526 /* Frameworks */ = {
			isa = PBXFrameworksBuildPhase;
			buildActionMask = 2147483647;
			files = (
			);
			runOnlyForDeploymentPostprocessing = 0;
		};
/* End PBXFrameworksBuildPhase section */

/* Begin PBXGroup section */
		FA0CC5D328D794DE007A20B9 /* Profiles */ = {
			isa = PBXGroup;
			children = (
				FA0CC5D428D794FA007A20B9 /* ProfileHost.swift */,
				FA0CC5D628D799E9007A20B9 /* ProfileSummary.swift */,
				FA0CC5DA28D7C64D007A20B9 /* ProfileEditor.swift */,
			);
			path = Profiles;
			sourceTree = "<group>";
		};
		FA36669728CE33F800857526 = {
			isa = PBXGroup;
			children = (
				FA3666A228CE33F900857526 /* Landmarks */,
				FA3666A128CE33F900857526 /* Products */,
			);
			sourceTree = "<group>";
		};
		FA3666A128CE33F900857526 /* Products */ = {
			isa = PBXGroup;
			children = (
				FA3666A028CE33F900857526 /* Landmarks.app */,
			);
			name = Products;
			sourceTree = "<group>";
		};
		FA3666A228CE33F900857526 /* Landmarks */ = {
			isa = PBXGroup;
			children = (
				FA3666A728CE33FB00857526 /* Assets.xcassets */,
				FA3666A328CE33F900857526 /* LandmarksApp.swift */,
				FA3666BB28CE497400857526 /* Views */,
				FA3666BD28CE499A00857526 /* Resources */,
				FA3666BC28CE499200857526 /* Model */,
				FA3666A928CE33FB00857526 /* Preview Content */,
			);
			path = Landmarks;
			sourceTree = "<group>";
		};
		FA3666A928CE33FB00857526 /* Preview Content */ = {
			isa = PBXGroup;
			children = (
				FA3666AA28CE33FB00857526 /* Preview Assets.xcassets */,
			);
			path = "Preview Content";
			sourceTree = "<group>";
		};
		FA3666BB28CE497400857526 /* Views */ = {
			isa = PBXGroup;
			children = (
				FA0CC5D328D794DE007A20B9 /* Profiles */,
				FA3666A528CE33F900857526 /* ContentView.swift */,
				FA55018428D3D50600386F09 /* Helpers */,
				FA658D6E28D3FCF60068774A /* Badges */,
				FAFDED7328D515E800D1DCC3 /* Categories */,
				FAFDED6A28D501D600D1DCC3 /* Hikes */,
				FA55018528D3D51000386F09 /* Landmarks */,
			);
			path = Views;
			sourceTree = "<group>";
		};
		FA3666BC28CE499200857526 /* Model */ = {
			isa = PBXGroup;
			children = (
				FA3666B928CE466600857526 /* ModelData.swift */,
				FA3666B728CE438100857526 /* Landmark.swift */,
				FAFDED6828D5005500D1DCC3 /* Hike.swift */,
				FA0CC5D128D79347007A20B9 /* Profile.swift */,
			);
			path = Model;
			sourceTree = "<group>";
		};
		FA3666BD28CE499A00857526 /* Resources */ = {
			isa = PBXGroup;
			children = (
				FAFDED6628D4FFBC00D1DCC3 /* hikeData.json */,
				FA3666B528CE428100857526 /* landmarkData.json */,
			);
			path = Resources;
			sourceTree = "<group>";
		};
		FA55018428D3D50600386F09 /* Helpers */ = {
			isa = PBXGroup;
			children = (
				FA3666B128CE3A9100857526 /* CircleImage.swift */,
				FA3666B328CE3BD000857526 /* MapView.swift */,
				FA55018228D3D2EC00386F09 /* FavoriteButton.swift */,
			);
			path = Helpers;
			sourceTree = "<group>";
		};
		FA55018528D3D51000386F09 /* Landmarks */ = {
			isa = PBXGroup;
			children = (
				FAFF144B28D263F8004F6972 /* LandmarkList.swift */,
				FA3666BE28CEBB1A00857526 /* LandmarkRow.swift */,
				FA55018028D3A6F500386F09 /* LandmarkDetail.swift */,
			);
			path = Landmarks;
			sourceTree = "<group>";
		};
		FA658D6E28D3FCF60068774A /* Badges */ = {
			isa = PBXGroup;
			children = (
				FA658D6C28D3F9580068774A /* Badge.swift */,
				FA658D6628D3DF9F0068774A /* BadgeBackground.swift */,
				FA658D6828D3F0840068774A /* BadgeSymbol.swift */,
				FA658D6428D3DD150068774A /* HexagonParameters.swift */,
				FA658D6A28D3F7E40068774A /* RotatedBadgeSymbol.swift */,
			);
			path = Badges;
			sourceTree = "<group>";
		};
		FAFDED6A28D501D600D1DCC3 /* Hikes */ = {
			isa = PBXGroup;
			children = (
				FAFDED6B28D501D600D1DCC3 /* GraphCapsule.swift */,
				FAFDED6C28D501D600D1DCC3 /* HikeGraph.swift */,
				FAFDED6D28D501D600D1DCC3 /* HikeDetail.swift */,
				FAFDED6E28D501D600D1DCC3 /* HikeView.swift */,
				FA0CC5D828D7A000007A20B9 /* HikeBadge.swift */,
			);
			path = Hikes;
			sourceTree = "<group>";
		};
		FAFDED7328D515E800D1DCC3 /* Categories */ = {
			isa = PBXGroup;
			children = (
				FAFDED7428D5160300D1DCC3 /* CategoryHome.swift */,
				FAFDED7628D51A9900D1DCC3 /* CategoryRow.swift */,
				FAFDED7828D51CBC00D1DCC3 /* CategoryItem.swift */,
			);
			path = Categories;
			sourceTree = "<group>";
		};
/* End PBXGroup section */

/* Begin PBXNativeTarget section */
		FA36669F28CE33F800857526 /* Landmarks */ = {
			isa = PBXNativeTarget;
			buildConfigurationList = FA3666AE28CE33FB00857526 /* Build configuration list for PBXNativeTarget "Landmarks" */;
			buildPhases = (
				FA36669C28CE33F800857526 /* Sources */,
				FA36669D28CE33F800857526 /* Frameworks */,
				FA36669E28CE33F800857526 /* Resources */,
			);
			buildRules = (
			);
			dependencies = (
			);
			name = Landmarks;
			productName = Landmarks;
			productReference = FA3666A028CE33F900857526 /* Landmarks.app */;
			productType = "com.apple.product-type.application";
		};
/* End PBXNativeTarget section */

/* Begin PBXProject section */
		FA36669828CE33F800857526 /* Project object */ = {
			isa = PBXProject;
			attributes = {
				BuildIndependentTargetsInParallel = 1;
				LastSwiftUpdateCheck = 1340;
				LastUpgradeCheck = 1340;
				TargetAttributes = {
					FA36669F28CE33F800857526 = {
						CreatedOnToolsVersion = 13.4;
					};
				};
			};
			buildConfigurationList = FA36669B28CE33F800857526 /* Build configuration list for PBXProject "Landmarks" */;
			compatibilityVersion = "Xcode 13.0";
			developmentRegion = en;
			hasScannedForEncodings = 0;
			knownRegions = (
				en,
				Base,
			);
			mainGroup = FA36669728CE33F800857526;
			productRefGroup = FA3666A128CE33F900857526 /* Products */;
			projectDirPath = "";
			projectRoot = "";
			targets = (
				FA36669F28CE33F800857526 /* Landmarks */,
			);
		};
/* End PBXProject section */

/* Begin PBXResourcesBuildPhase section */
		FA36669E28CE33F800857526 /* Resources */ = {
			isa = PBXResourcesBuildPhase;
			buildActionMask = 2147483647;
			files = (
				FAFDED6728D4FFBC00D1DCC3 /* hikeData.json in Resources */,
				FA3666AB28CE33FB00857526 /* Preview Assets.xcassets in Resources */,
				FA3666A828CE33FB00857526 /* Assets.xcassets in Resources */,
				FA3666B628CE428100857526 /* landmarkData.json in Resources */,
			);
			runOnlyForDeploymentPostprocessing = 0;
		};
/* End PBXResourcesBuildPhase section */

/* Begin PBXSourcesBuildPhase section */
		FA36669C28CE33F800857526 /* Sources */ = {
			isa = PBXSourcesBuildPhase;
			buildActionMask = 2147483647;
			files = (
				FAFDED7728D51A9A00D1DCC3 /* CategoryRow.swift in Sources */,
				FA0CC5D228D79347007A20B9 /* Profile.swift in Sources */,
				FA3666A628CE33F900857526 /* ContentView.swift in Sources */,
				FAFDED7528D5160300D1DCC3 /* CategoryHome.swift in Sources */,
				FAFDED7028D501D600D1DCC3 /* HikeGraph.swift in Sources */,
				FA658D6D28D3F9580068774A /* Badge.swift in Sources */,
				FA3666B428CE3BD000857526 /* MapView.swift in Sources */,
				FAFDED6F28D501D600D1DCC3 /* GraphCapsule.swift in Sources */,
				FA3666A428CE33F900857526 /* LandmarksApp.swift in Sources */,
				FA55018328D3D2EC00386F09 /* FavoriteButton.swift in Sources */,
				FAFDED7928D51CBC00D1DCC3 /* CategoryItem.swift in Sources */,
				FAFDED7128D501D600D1DCC3 /* HikeDetail.swift in Sources */,
				FA0CC5D728D799E9007A20B9 /* ProfileSummary.swift in Sources */,
				FA658D6528D3DD150068774A /* HexagonParameters.swift in Sources */,
				FA0CC5D528D794FA007A20B9 /* ProfileHost.swift in Sources */,
				FAFDED6928D5005500D1DCC3 /* Hike.swift in Sources */,
				FA658D6B28D3F7E40068774A /* RotatedBadgeSymbol.swift in Sources */,
				FA658D6928D3F0840068774A /* BadgeSymbol.swift in Sources */,
				FA0CC5DB28D7C64D007A20B9 /* ProfileEditor.swift in Sources */,
				FAFF144C28D263F8004F6972 /* LandmarkList.swift in Sources */,
				FAFDED7228D501D600D1DCC3 /* HikeView.swift in Sources */,
				FA55018128D3A6F500386F09 /* LandmarkDetail.swift in Sources */,
				FA658D6728D3DF9F0068774A /* BadgeBackground.swift in Sources */,
				FA0CC5D928D7A000007A20B9 /* HikeBadge.swift in Sources */,
				FA3666B228CE3A9100857526 /* CircleImage.swift in Sources */,
				FA3666B828CE438100857526 /* Landmark.swift in Sources */,
				FA3666BF28CEBB1A00857526 /* LandmarkRow.swift in Sources */,
				FA3666BA28CE466600857526 /* ModelData.swift in Sources */,
			);
			runOnlyForDeploymentPostprocessing = 0;
		};
/* End PBXSourcesBuildPhase section */

/* Begin XCBuildConfiguration section */
		FA3666AC28CE33FB00857526 /* Debug */ = {
			isa = XCBuildConfiguration;
			buildSettings = {
				ALWAYS_SEARCH_USER_PATHS = NO;
				CLANG_ANALYZER_NONNULL = YES;
				CLANG_ANALYZER_NUMBER_OBJECT_CONVERSION = YES_AGGRESSIVE;
				CLANG_CXX_LANGUAGE_STANDARD = "gnu++17";
				CLANG_ENABLE_MODULES = YES;
				CLANG_ENABLE_OBJC_ARC = YES;
				CLANG_ENABLE_OBJC_WEAK = YES;
				CLANG_WARN_BLOCK_CAPTURE_AUTORELEASING = YES;
				CLANG_WARN_BOOL_CONVERSION = YES;
				CLANG_WARN_COMMA = YES;
				CLANG_WARN_CONSTANT_CONVERSION = YES;
				CLANG_WARN_DEPRECATED_OBJC_IMPLEMENTATIONS = YES;
				CLANG_WARN_DIRECT_OBJC_ISA_USAGE = YES_ERROR;
				CLANG_WARN_DOCUMENTATION_COMMENTS = YES;
				CLANG_WARN_EMPTY_BODY = YES;
				CLANG_WARN_ENUM_CONVERSION = YES;
				CLANG_WARN_INFINITE_RECURSION = YES;
				CLANG_WARN_INT_CONVERSION = YES;
				CLANG_WARN_NON_LITERAL_NULL_CONVERSION = YES;
				CLANG_WARN_OBJC_IMPLICIT_RETAIN_SELF = YES;
				CLANG_WARN_OBJC_LITERAL_CONVERSION = YES;
				CLANG_WARN_OBJC_ROOT_CLASS = YES_ERROR;
				CLANG_WARN_QUOTED_INCLUDE_IN_FRAMEWORK_HEADER = YES;
				CLANG_WARN_RANGE_LOOP_ANALYSIS = YES;
				CLANG_WARN_STRICT_PROTOTYPES = YES;
				CLANG_WARN_SUSPICIOUS_MOVE = YES;
				CLANG_WARN_UNGUARDED_AVAILABILITY = YES_AGGRESSIVE;
				CLANG_WARN_UNREACHABLE_CODE = YES;
				CLANG_WARN__DUPLICATE_METHOD_MATCH = YES;
				COPY_PHASE_STRIP = NO;
				DEBUG_INFORMATION_FORMAT = dwarf;
				ENABLE_STRICT_OBJC_MSGSEND = YES;
				ENABLE_TESTABILITY = YES;
				GCC_C_LANGUAGE_STANDARD = gnu11;
				GCC_DYNAMIC_NO_PIC = NO;
				GCC_NO_COMMON_BLOCKS = YES;
				GCC_OPTIMIZATION_LEVEL = 0;
				GCC_PREPROCESSOR_DEFINITIONS = (
					"DEBUG=1",
					"$(inherited)",
				);
				GCC_WARN_64_TO_32_BIT_CONVERSION = YES;
				GCC_WARN_ABOUT_RETURN_TYPE = YES_ERROR;
				GCC_WARN_UNDECLARED_SELECTOR = YES;
				GCC_WARN_UNINITIALIZED_AUTOS = YES_AGGRESSIVE;
				GCC_WARN_UNUSED_FUNCTION = YES;
				GCC_WARN_UNUSED_VARIABLE = YES;
				IPHONEOS_DEPLOYMENT_TARGET = 15.5;
				MTL_ENABLE_DEBUG_INFO = INCLUDE_SOURCE;
				MTL_FAST_MATH = YES;
				ONLY_ACTIVE_ARCH = YES;
				SDKROOT = iphoneos;
				SWIFT_ACTIVE_COMPILATION_CONDITIONS = DEBUG;
				SWIFT_OPTIMIZATION_LEVEL = "-Onone";
			};
			name = Debug;
		};
		FA3666AD28CE33FB00857526 /* Release */ = {
			isa = XCBuildConfiguration;
			buildSettings = {
				ALWAYS_SEARCH_USER_PATHS = NO;
				CLANG_ANALYZER_NONNULL = YES;
				CLANG_ANALYZER_NUMBER_OBJECT_CONVERSION = YES_AGGRESSIVE;
				CLANG_CXX_LANGUAGE_STANDARD = "gnu++17";
				CLANG_ENABLE_MODULES = YES;
				CLANG_ENABLE_OBJC_ARC = YES;
				CLANG_ENABLE_OBJC_WEAK = YES;
				CLANG_WARN_BLOCK_CAPTURE_AUTORELEASING = YES;
				CLANG_WARN_BOOL_CONVERSION = YES;
				CLANG_WARN_COMMA = YES;
				CLANG_WARN_CONSTANT_CONVERSION = YES;
				CLANG_WARN_DEPRECATED_OBJC_IMPLEMENTATIONS = YES;
				CLANG_WARN_DIRECT_OBJC_ISA_USAGE = YES_ERROR;
				CLANG_WARN_DOCUMENTATION_COMMENTS = YES;
				CLANG_WARN_EMPTY_BODY = YES;
				CLANG_WARN_ENUM_CONVERSION = YES;
				CLANG_WARN_INFINITE_RECURSION = YES;
				CLANG_WARN_INT_CONVERSION = YES;
				CLANG_WARN_NON_LITERAL_NULL_CONVERSION = YES;
				CLANG_WARN_OBJC_IMPLICIT_RETAIN_SELF = YES;
				CLANG_WARN_OBJC_LITERAL_CONVERSION = YES;
				CLANG_WARN_OBJC_ROOT_CLASS = YES_ERROR;
				CLANG_WARN_QUOTED_INCLUDE_IN_FRAMEWORK_HEADER = YES;
				CLANG_WARN_RANGE_LOOP_ANALYSIS = YES;
				CLANG_WARN_STRICT_PROTOTYPES = YES;
				CLANG_WARN_SUSPICIOUS_MOVE = YES;
				CLANG_WARN_UNGUARDED_AVAILABILITY = YES_AGGRESSIVE;
				CLANG_WARN_UNREACHABLE_CODE = YES;
				CLANG_WARN__DUPLICATE_METHOD_MATCH = YES;
				COPY_PHASE_STRIP = NO;
				DEBUG_INFORMATION_FORMAT = "dwarf-with-dsym";
				ENABLE_NS_ASSERTIONS = NO;
				ENABLE_STRICT_OBJC_MSGSEND = YES;
				GCC_C_LANGUAGE_STANDARD = gnu11;
				GCC_NO_COMMON_BLOCKS = YES;
				GCC_WARN_64_TO_32_BIT_CONVERSION = YES;
				GCC_WARN_ABOUT_RETURN_TYPE = YES_ERROR;
				GCC_WARN_UNDECLARED_SELECTOR = YES;
				GCC_WARN_UNINITIALIZED_AUTOS = YES_AGGRESSIVE;
				GCC_WARN_UNUSED_FUNCTION = YES;
				GCC_WARN_UNUSED_VARIABLE = YES;
				IPHONEOS_DEPLOYMENT_TARGET = 15.5;
				MTL_ENABLE_DEBUG_INFO = NO;
				MTL_FAST_MATH = YES;
				SDKROOT = iphoneos;
				SWIFT_COMPILATION_MODE = wholemodule;
				SWIFT_OPTIMIZATION_LEVEL = "-O";
				VALIDATE_PRODUCT = YES;
			};
			name = Release;
		};
		FA3666AF28CE33FB00857526 /* Debug */ = {
			isa = XCBuildConfiguration;
			buildSettings = {
				ASSETCATALOG_COMPILER_APPICON_NAME = AppIcon;
				ASSETCATALOG_COMPILER_GLOBAL_ACCENT_COLOR_NAME = AccentColor;
				CODE_SIGN_STYLE = Automatic;
				CURRENT_PROJECT_VERSION = 1;
				DEVELOPMENT_ASSET_PATHS = "\"Landmarks/Preview Content\"";
				ENABLE_PREVIEWS = YES;
				GENERATE_INFOPLIST_FILE = YES;
				INFOPLIST_KEY_UIApplicationSceneManifest_Generation = YES;
				INFOPLIST_KEY_UIApplicationSupportsIndirectInputEvents = YES;
				INFOPLIST_KEY_UILaunchScreen_Generation = YES;
				INFOPLIST_KEY_UISupportedInterfaceOrientations_iPad = "UIInterfaceOrientationPortrait UIInterfaceOrientationPortraitUpsideDown UIInterfaceOrientationLandscapeLeft UIInterfaceOrientationLandscapeRight";
				INFOPLIST_KEY_UISupportedInterfaceOrientations_iPhone = "UIInterfaceOrientationPortrait UIInterfaceOrientationLandscapeLeft UIInterfaceOrientationLandscapeRight";
				LD_RUNPATH_SEARCH_PATHS = (
					"$(inherited)",
					"@executable_path/Frameworks",
				);
				MARKETING_VERSION = 1.0;
				PRODUCT_BUNDLE_IDENTIFIER = "jguaura-student-acc.Landmarks";
				PRODUCT_NAME = "$(TARGET_NAME)";
				SWIFT_EMIT_LOC_STRINGS = YES;
				SWIFT_VERSION = 5.0;
				TARGETED_DEVICE_FAMILY = "1,2";
			};
			name = Debug;
		};
		FA3666B028CE33FB00857526 /* Release */ = {
			isa = XCBuildConfiguration;
			buildSettings = {
				ASSETCATALOG_COMPILER_APPICON_NAME = AppIcon;
				ASSETCATALOG_COMPILER_GLOBAL_ACCENT_COLOR_NAME = AccentColor;
				CODE_SIGN_STYLE = Automatic;
				CURRENT_PROJECT_VERSION = 1;
				DEVELOPMENT_ASSET_PATHS = "\"Landmarks/Preview Content\"";
				ENABLE_PREVIEWS = YES;
				GENERATE_INFOPLIST_FILE = YES;
				INFOPLIST_KEY_UIApplicationSceneManifest_Generation = YES;
				INFOPLIST_KEY_UIApplicationSupportsIndirectInputEvents = YES;
				INFOPLIST_KEY_UILaunchScreen_Generation = YES;
				INFOPLIST_KEY_UISupportedInterfaceOrientations_iPad = "UIInterfaceOrientationPortrait UIInterfaceOrientationPortraitUpsideDown UIInterfaceOrientationLandscapeLeft UIInterfaceOrientationLandscapeRight";
				INFOPLIST_KEY_UISupportedInterfaceOrientations_iPhone = "UIInterfaceOrientationPortrait UIInterfaceOrientationLandscapeLeft UIInterfaceOrientationLandscapeRight";
				LD_RUNPATH_SEARCH_PATHS = (
					"$(inherited)",
					"@executable_path/Frameworks",
				);
				MARKETING_VERSION = 1.0;
				PRODUCT_BUNDLE_IDENTIFIER = "jguaura-student-acc.Landmarks";
				PRODUCT_NAME = "$(TARGET_NAME)";
				SWIFT_EMIT_LOC_STRINGS = YES;
				SWIFT_VERSION = 5.0;
				TARGETED_DEVICE_FAMILY = "1,2";
			};
			name = Release;
		};
/* End XCBuildConfiguration section */

/* Begin XCConfigurationList section */
		FA36669B28CE33F800857526 /* Build configuration list for PBXProject "Landmarks" */ = {
			isa = XCConfigurationList;
			buildConfigurations = (
				FA3666AC28CE33FB00857526 /* Debug */,
				FA3666AD28CE33FB00857526 /* Release */,
			);
			defaultConfigurationIsVisible = 0;
			defaultConfigurationName = Release;
		};
		FA3666AE28CE33FB00857526 /* Build configuration list for PBXNativeTarget "Landmarks" */ = {
			isa = XCConfigurationList;
			buildConfigurations = (
				FA3666AF28CE33FB00857526 /* Debug */,
				FA3666B028CE33FB00857526 /* Release */,
			);
			defaultConfigurationIsVisible = 0;
			defaultConfigurationName = Release;
		};
/* End XCConfigurationList section */
	};
	rootObject = FA36669828CE33F800857526 /* Project object */;
}
